
Microsoft Visual Studio Solution File, Format Version 12.00
# Visual Studio Version 17
VisualStudioVersion = 17.14.36310.24
MinimumVisualStudioVersion = 10.0.40219.1
Project("{2150E333-8FDC-42A3-9474-1A3956D46DE8}") = "src", "src", "{C06C97A4-2369-4B9E-999D-1FD705E916BA}"
EndProject
Project("{2150E333-8FDC-42A3-9474-1A3956D46DE8}") = "Modules", "Modules", "{D2CE98FC-5A0F-4AD1-8423-6AD4670CCF54}"
EndProject
Project("{2150E333-8FDC-42A3-9474-1A3956D46DE8}") = "Management", "Management", "{F6EAC36F-2650-41D7-9443-4BF6B13EB406}"
EndProject
Project("{FAE04EC0-301F-11D3-BF4B-00C04F79EFBC}") = "MessageHub.API", "MessageHub.API\MessageHub.API.csproj", "{45B3E961-3EED-442C-BB55-43BE3C7F9311}"
EndProject
Project("{FAE04EC0-301F-11D3-BF4B-00C04F79EFBC}") = "Core", "Domain\Core.csproj", "{76E182F8-CD90-470A-8C4B-337F1D420FB8}"
EndProject
Project("{FAE04EC0-301F-11D3-BF4B-00C04F79EFBC}") = "Messaging", "Messaging\Messaging.csproj", "{087E4ADB-44C3-4741-936D-C8B8BB4D6744}"
EndProject
Project("{FAE04EC0-301F-11D3-BF4B-00C04F79EFBC}") = "SharedLayer", "SharedLayer\SharedLayer.csproj", "{23D37AFF-6C43-4CF9-962F-E8426E9D8407}"
EndProject
Project("{FAE04EC0-301F-11D3-BF4B-00C04F79EFBC}") = "Processing", "Processing\Processing.csproj", "{2856E844-D14D-4BF6-8B37-C6913F33A42B}"
EndProject
Project("{FAE04EC0-301F-11D3-BF4B-00C04F79EFBC}") = "Messaging.Grpc", "Messaging.Grpc\Messaging.Grpc.csproj", "{54274805-F4E1-422C-B943-5184B6C95D46}"
EndProject
Project("{FAE04EC0-301F-11D3-BF4B-00C04F79EFBC}") = "Application", "Application\Application.csproj", "{613E9090-D69C-4154-8D95-D39C9675A4CA}"
EndProject
Project("{FAE04EC0-301F-11D3-BF4B-00C04F79EFBC}") = "Infrastructure", "Infrastructure\Infrastructure.csproj", "{7DF106A4-C62F-467D-9167-88500B30E451}"
EndProject
Global
	GlobalSection(SolutionConfigurationPlatforms) = preSolution
		Debug|Any CPU = Debug|Any CPU
		Release|Any CPU = Release|Any CPU
	EndGlobalSection
	GlobalSection(ProjectConfigurationPlatforms) = postSolution
		{45B3E961-3EED-442C-BB55-43BE3C7F9311}.Debug|Any CPU.ActiveCfg = Debug|Any CPU
		{45B3E961-3EED-442C-BB55-43BE3C7F9311}.Debug|Any CPU.Build.0 = Debug|Any CPU
		{45B3E961-3EED-442C-BB55-43BE3C7F9311}.Release|Any CPU.ActiveCfg = Release|Any CPU
		{45B3E961-3EED-442C-BB55-43BE3C7F9311}.Release|Any CPU.Build.0 = Release|Any CPU
		{76E182F8-CD90-470A-8C4B-337F1D420FB8}.Debug|Any CPU.ActiveCfg = Debug|Any CPU
		{76E182F8-CD90-470A-8C4B-337F1D420FB8}.Debug|Any CPU.Build.0 = Debug|Any CPU
		{76E182F8-CD90-470A-8C4B-337F1D420FB8}.Release|Any CPU.ActiveCfg = Release|Any CPU
		{76E182F8-CD90-470A-8C4B-337F1D420FB8}.Release|Any CPU.Build.0 = Release|Any CPU
		{087E4ADB-44C3-4741-936D-C8B8BB4D6744}.Debug|Any CPU.ActiveCfg = Debug|Any CPU
		{087E4ADB-44C3-4741-936D-C8B8BB4D6744}.Debug|Any CPU.Build.0 = Debug|Any CPU
		{087E4ADB-44C3-4741-936D-C8B8BB4D6744}.Release|Any CPU.ActiveCfg = Release|Any CPU
		{087E4ADB-44C3-4741-936D-C8B8BB4D6744}.Release|Any CPU.Build.0 = Release|Any CPU
		{23D37AFF-6C43-4CF9-962F-E8426E9D8407}.Debug|Any CPU.ActiveCfg = Debug|Any CPU
		{23D37AFF-6C43-4CF9-962F-E8426E9D8407}.Debug|Any CPU.Build.0 = Debug|Any CPU
		{23D37AFF-6C43-4CF9-962F-E8426E9D8407}.Release|Any CPU.ActiveCfg = Release|Any CPU
		{23D37AFF-6C43-4CF9-962F-E8426E9D8407}.Release|Any CPU.Build.0 = Release|Any CPU
		{2856E844-D14D-4BF6-8B37-C6913F33A42B}.Debug|Any CPU.ActiveCfg = Debug|Any CPU
		{2856E844-D14D-4BF6-8B37-C6913F33A42B}.Debug|Any CPU.Build.0 = Debug|Any CPU
		{2856E844-D14D-4BF6-8B37-C6913F33A42B}.Release|Any CPU.ActiveCfg = Release|Any CPU
		{2856E844-D14D-4BF6-8B37-C6913F33A42B}.Release|Any CPU.Build.0 = Release|Any CPU
		{54274805-F4E1-422C-B943-5184B6C95D46}.Debug|Any CPU.ActiveCfg = Debug|Any CPU
		{54274805-F4E1-422C-B943-5184B6C95D46}.Debug|Any CPU.Build.0 = Debug|Any CPU
		{54274805-F4E1-422C-B943-5184B6C95D46}.Release|Any CPU.ActiveCfg = Release|Any CPU
		{54274805-F4E1-422C-B943-5184B6C95D46}.Release|Any CPU.Build.0 = Release|Any CPU
		{613E9090-D69C-4154-8D95-D39C9675A4CA}.Debug|Any CPU.ActiveCfg = Debug|Any CPU
		{613E9090-D69C-4154-8D95-D39C9675A4CA}.Debug|Any CPU.Build.0 = Debug|Any CPU
		{613E9090-D69C-4154-8D95-D39C9675A4CA}.Release|Any CPU.ActiveCfg = Release|Any CPU
		{613E9090-D69C-4154-8D95-D39C9675A4CA}.Release|Any CPU.Build.0 = Release|Any CPU
		{7DF106A4-C62F-467D-9167-88500B30E451}.Debug|Any CPU.ActiveCfg = Debug|Any CPU
		{7DF106A4-C62F-467D-9167-88500B30E451}.Debug|Any CPU.Build.0 = Debug|Any CPU
		{7DF106A4-C62F-467D-9167-88500B30E451}.Release|Any CPU.ActiveCfg = Release|Any CPU
		{7DF106A4-C62F-467D-9167-88500B30E451}.Release|Any CPU.Build.0 = Release|Any CPU
	EndGlobalSection
	GlobalSection(SolutionProperties) = preSolution
		HideSolutionNode = FALSE
	EndGlobalSection
	GlobalSection(NestedProjects) = preSolution
		{D2CE98FC-5A0F-4AD1-8423-6AD4670CCF54} = {C06C97A4-2369-4B9E-999D-1FD705E916BA}
		{F6EAC36F-2650-41D7-9443-4BF6B13EB406} = {D2CE98FC-5A0F-4AD1-8423-6AD4670CCF54}
		{45B3E961-3EED-442C-BB55-43BE3C7F9311} = {F6EAC36F-2650-41D7-9443-4BF6B13EB406}
		{76E182F8-CD90-470A-8C4B-337F1D420FB8} = {D2CE98FC-5A0F-4AD1-8423-6AD4670CCF54}
		{087E4ADB-44C3-4741-936D-C8B8BB4D6744} = {D2CE98FC-5A0F-4AD1-8423-6AD4670CCF54}
		{23D37AFF-6C43-4CF9-962F-E8426E9D8407} = {C06C97A4-2369-4B9E-999D-1FD705E916BA}
		{2856E844-D14D-4BF6-8B37-C6913F33A42B} = {D2CE98FC-5A0F-4AD1-8423-6AD4670CCF54}
		{54274805-F4E1-422C-B943-5184B6C95D46} = {D2CE98FC-5A0F-4AD1-8423-6AD4670CCF54}
		{613E9090-D69C-4154-8D95-D39C9675A4CA} = {D2CE98FC-5A0F-4AD1-8423-6AD4670CCF54}
		{7DF106A4-C62F-467D-9167-88500B30E451} = {D2CE98FC-5A0F-4AD1-8423-6AD4670CCF54}
	EndGlobalSection
	GlobalSection(ExtensibilityGlobals) = postSolution
		SolutionGuid = {FC6B029A-4CC3-4B4D-A9E7-45673997A0C7}
	EndGlobalSection
EndGlobal
