
Microsoft Visual Studio Solution File, Format Version 12.00
Project("{2150E333-8FDC-42A3-9474-1A3956D46DE8}") = "src", "src", "{C06C97A4-2369-4B9E-999D-1FD705E916BA}"
EndProject
Project("{2150E333-8FDC-42A3-9474-1A3956D46DE8}") = "Modules", "Modules", "{D2CE98FC-5A0F-4AD1-8423-6AD4670CCF54}"
EndProject
Project("{2150E333-8FDC-42A3-9474-1A3956D46DE8}") = "Management", "Management", "{F6EAC36F-2650-41D7-9443-4BF6B13EB406}"
EndProject
Project("{FAE04EC0-301F-11D3-BF4B-00C04F79EFBC}") = "MessageHub.API", "MessageHub.API\MessageHub.API.csproj", "{45B3E961-3EED-442C-BB55-43BE3C7F9311}"
EndProject
Project("{FAE04EC0-301F-11D3-BF4B-00C04F79EFBC}") = "Domain", "Domain\Domain.csproj", "{76E182F8-CD90-470A-8C4B-337F1D420FB8}"
EndProject
Project("{FAE04EC0-301F-11D3-BF4B-00C04F79EFBC}") = "Application", "Application\Application.csproj", "{34264371-2341-4CB5-BE75-0FB3B6B7BF31}"
EndProject
Global
	GlobalSection(SolutionConfigurationPlatforms) = preSolution
		Debug|Any CPU = Debug|Any CPU
		Release|Any CPU = Release|Any CPU
	EndGlobalSection
	GlobalSection(NestedProjects) = preSolution
		{D2CE98FC-5A0F-4AD1-8423-6AD4670CCF54} = {C06C97A4-2369-4B9E-999D-1FD705E916BA}
		{F6EAC36F-2650-41D7-9443-4BF6B13EB406} = {D2CE98FC-5A0F-4AD1-8423-6AD4670CCF54}
		{45B3E961-3EED-442C-BB55-43BE3C7F9311} = {F6EAC36F-2650-41D7-9443-4BF6B13EB406}
		{76E182F8-CD90-470A-8C4B-337F1D420FB8} = {D2CE98FC-5A0F-4AD1-8423-6AD4670CCF54}
		{34264371-2341-4CB5-BE75-0FB3B6B7BF31} = {D2CE98FC-5A0F-4AD1-8423-6AD4670CCF54}
	EndGlobalSection
	GlobalSection(ProjectConfigurationPlatforms) = postSolution
		{45B3E961-3EED-442C-BB55-43BE3C7F9311}.Debug|Any CPU.ActiveCfg = Debug|Any CPU
		{45B3E961-3EED-442C-BB55-43BE3C7F9311}.Debug|Any CPU.Build.0 = Debug|Any CPU
		{45B3E961-3EED-442C-BB55-43BE3C7F9311}.Release|Any CPU.ActiveCfg = Release|Any CPU
		{45B3E961-3EED-442C-BB55-43BE3C7F9311}.Release|Any CPU.Build.0 = Release|Any CPU
		{76E182F8-CD90-470A-8C4B-337F1D420FB8}.Debug|Any CPU.ActiveCfg = Debug|Any CPU
		{76E182F8-CD90-470A-8C4B-337F1D420FB8}.Debug|Any CPU.Build.0 = Debug|Any CPU
		{76E182F8-CD90-470A-8C4B-337F1D420FB8}.Release|Any CPU.ActiveCfg = Release|Any CPU
		{76E182F8-CD90-470A-8C4B-337F1D420FB8}.Release|Any CPU.Build.0 = Release|Any CPU
		{34264371-2341-4CB5-BE75-0FB3B6B7BF31}.Debug|Any CPU.ActiveCfg = Debug|Any CPU
		{34264371-2341-4CB5-BE75-0FB3B6B7BF31}.Debug|Any CPU.Build.0 = Debug|Any CPU
		{34264371-2341-4CB5-BE75-0FB3B6B7BF31}.Release|Any CPU.ActiveCfg = Release|Any CPU
		{34264371-2341-4CB5-BE75-0FB3B6B7BF31}.Release|Any CPU.Build.0 = Release|Any CPU
	EndGlobalSection
EndGlobal
